
Microsoft Visual Studio Solution File, Format Version 12.00
# Visual Studio Version 16
VisualStudioVersion = 16.0.30413.136
MinimumVisualStudioVersion = 10.0.40219.1
Project("{FAE04EC0-301F-11D3-BF4B-00C04F79EFBC}") = "Program", "Program\Program.csproj", "{EE8AA0B8-06FE-4D8F-8B75-71D870A50392}"
EndProject
Global
	GlobalSection(SolutionConfigurationPlatforms) = preSolution
		Debug|Any CPU = Debug|Any CPU
		Release|Any CPU = Release|Any CPU
	EndGlobalSection
	GlobalSection(ProjectConfigurationPlatforms) = postSolution
		{EE8AA0B8-06FE-4D8F-8B75-71D870A50392}.Debug|Any CPU.ActiveCfg = Debug|Any CPU
		{EE8AA0B8-06FE-4D8F-8B75-71D870A50392}.Debug|Any CPU.Build.0 = Debug|Any CPU
		{EE8AA0B8-06FE-4D8F-8B75-71D870A50392}.Release|Any CPU.ActiveCfg = Release|Any CPU
		{EE8AA0B8-06FE-4D8F-8B75-71D870A50392}.Release|Any CPU.Build.0 = Release|Any CPU
	EndGlobalSection
	GlobalSection(SolutionProperties) = preSolution
		HideSolutionNode = FALSE
	EndGlobalSection
	GlobalSection(ExtensibilityGlobals) = postSolution
		SolutionGuid = {54DCF763-E36D-4E83-AB95-C4A460E0DC05}
	EndGlobalSection
EndGlobal
